
Microsoft Visual Studio Solution File, Format Version 12.00
# Visual Studio Version 16
VisualStudioVersion = 16.0.31829.152
MinimumVisualStudioVersion = 10.0.40219.1
Project("{159641D6-6404-4A2A-AE62-294DE0FE8301}") = "Earnings_IntegrationServices", "Earnings_IntegrationServices\Earnings_IntegrationServices.dtproj", "{26943390-8466-40E1-B404-A0FAB0DBD9B7}"
EndProject
Global
	GlobalSection(SolutionConfigurationPlatforms) = preSolution
		Development|Default = Development|Default
	EndGlobalSection
	GlobalSection(ProjectConfigurationPlatforms) = postSolution
		{26943390-8466-40E1-B404-A0FAB0DBD9B7}.Development|Default.ActiveCfg = Development
		{26943390-8466-40E1-B404-A0FAB0DBD9B7}.Development|Default.Build.0 = Development
	EndGlobalSection
	GlobalSection(SolutionProperties) = preSolution
		HideSolutionNode = FALSE
	EndGlobalSection
	GlobalSection(ExtensibilityGlobals) = postSolution
		SolutionGuid = {A520D333-A9A9-4920-AC8E-2C97D955832A}
	EndGlobalSection
EndGlobal
